<?xml version="1.0" encoding="utf-8"?>
<Project ToolsVersion="4.0" xmlns="http://schemas.microsoft.com/developer/msbuild/2003">
  <ItemGroup>
    <Filter Include="Source Files">
      <UniqueIdentifier>{e0914829-c112-4f24-b0e6-b0616d5bf494}</UniqueIdentifier>
      <Extensions>cpp;c;cxx;rc;def;r;odl;idl;hpj;bat</Extensions>
    </Filter>
    <Filter Include="Header Files">
      <UniqueIdentifier>{37047878-3c59-4a6b-9fc2-d9de0f41d620}</UniqueIdentifier>
      <Extensions>h;hpp;hxx;hm;inl</Extensions>
    </Filter>
    <Filter Include="Resource Files">
      <UniqueIdentifier>{2fedc21e-67ab-4a00-bc14-2b01a08ed1e8}</UniqueIdentifier>
      <Extensions>ico;cur;bmp;dlg;rc2;rct;bin;rgs;gif;jpg;jpeg;jpe</Extensions>
    </Filter>
  </ItemGroup>
  <ItemGroup>
    <ClCompile Include="Dlg2.cpp">
      <Filter>Source Files</Filter>
    </ClCompile>
    <ClCompile Include="Dlog1.cpp">
      <Filter>Source Files</Filter>
    </ClCompile>
    <ClCompile Include="MFCTab.cpp">
      <Filter>Source Files</Filter>
    </ClCompile>
    <ClCompile Include="MFCTabDlg.cpp">
      <Filter>Source Files</Filter>
    </ClCompile>
    <ClCompile Include="StdAfx.cpp">
      <Filter>Source Files</Filter>
    </ClCompile>
  </ItemGroup>
  <ItemGroup>
    <ResourceCompile Include="MFCTab.rc">
      <Filter>Source Files</Filter>
    </ResourceCompile>
  </ItemGroup>
  <ItemGroup>
    <ClInclude Include="Dlg2.h">
      <Filter>Header Files</Filter>
    </ClInclude>
    <ClInclude Include="Dlog1.h">
      <Filter>Header Files</Filter>
    </ClInclude>
    <ClInclude Include="MFCTab.h">
      <Filter>Header Files</Filter>
    </ClInclude>
    <ClInclude Include="MFCTabDlg.h">
      <Filter>Header Files</Filter>
    </ClInclude>
    <ClInclude Include="Resource.h">
      <Filter>Header Files</Filter>
    </ClInclude>
    <ClInclude Include="StdAfx.h">
      <Filter>Header Files</Filter>
    </ClInclude>
  </ItemGroup>
  <ItemGroup>
    <CustomBuild Include="res\MFCTab.ico">
      <Filter>Resource Files</Filter>
    </CustomBuild>
    <CustomBuild Include="res\MFCTab.rc2">
      <Filter>Resource Files</Filter>
    </CustomBuild>
    <CustomBuild Include="ReadMe.txt" />
  </ItemGroup>
</Project>