<?xml version="1.0" encoding="utf-8"?>
<Project ToolsVersion="4.0" xmlns="http://schemas.microsoft.com/developer/msbuild/2003">
  <ItemGroup>
    <Filter Include="源文件">
      <UniqueIdentifier>{4FC737F1-C7A5-4376-A066-2A32D752A2FF}</UniqueIdentifier>
      <Extensions>cpp;c;cc;cxx;def;odl;idl;hpj;bat;asm;asmx</Extensions>
    </Filter>
    <Filter Include="头文件">
      <UniqueIdentifier>{93995380-89BD-4b04-88EB-625FBE52EBFB}</UniqueIdentifier>
      <Extensions>h;hpp;hxx;hm;inl;inc;xsd</Extensions>
    </Filter>
    <Filter Include="资源文件">
      <UniqueIdentifier>{67DA6AB6-F800-4c08-8B7A-83BB121AAD01}</UniqueIdentifier>
      <Extensions>rc;ico;cur;bmp;dlg;rc2;rct;bin;rgs;gif;jpg;jpeg;jpe;resx;tiff;tif;png;wav</Extensions>
    </Filter>
  </ItemGroup>
  <ItemGroup>
    <ClCompile Include="common\AdvComboBox.cpp">
      <Filter>源文件</Filter>
    </ClCompile>
    <ClCompile Include="AQHtmlParse.cpp">
      <Filter>源文件</Filter>
    </ClCompile>
    <ClCompile Include="common\base64\Base64.cpp">
      <Filter>源文件</Filter>
    </ClCompile>
    <ClCompile Include="HMAC_MD5\BASE64_API.cpp">
      <Filter>源文件</Filter>
    </ClCompile>
    <ClCompile Include="ByteBuf.cpp">
      <Filter>源文件</Filter>
    </ClCompile>
    <ClCompile Include="C9CHtmlParse.cpp">
      <Filter>源文件</Filter>
    </ClCompile>
    <ClCompile Include="CalKey.cpp">
      <Filter>源文件</Filter>
    </ClCompile>
    <ClCompile Include="CCaHtmlParse.cpp">
      <Filter>源文件</Filter>
    </ClCompile>
    <ClCompile Include="CCryptAesWrapper.cpp">
      <Filter>源文件</Filter>
    </ClCompile>
    <ClCompile Include="CeairMobileE.cpp">
      <Filter>源文件</Filter>
    </ClCompile>
    <ClCompile Include="common\CharConvert.cpp">
      <Filter>源文件</Filter>
    </ClCompile>
    <ClCompile Include="common\CStringToolEx.cpp">
      <Filter>源文件</Filter>
    </ClCompile>
    <ClCompile Include="DataProcess.cpp">
      <Filter>源文件</Filter>
    </ClCompile>
    <ClCompile Include="DbCenter.cpp">
      <Filter>源文件</Filter>
    </ClCompile>
    <ClCompile Include="DBMysql.cpp">
      <Filter>源文件</Filter>
    </ClCompile>
    <ClCompile Include="DlgConfig.cpp">
      <Filter>源文件</Filter>
    </ClCompile>
    <ClCompile Include="DlgShowFlights.cpp">
      <Filter>源文件</Filter>
    </ClCompile>
    <ClCompile Include="common\DropListBox.cpp">
      <Filter>源文件</Filter>
    </ClCompile>
    <ClCompile Include="common\DropScrollBar.cpp">
      <Filter>源文件</Filter>
    </ClCompile>
    <ClCompile Include="common\DropWnd.cpp">
      <Filter>源文件</Filter>
    </ClCompile>
    <ClCompile Include="FixByteArray.cpp">
      <Filter>源文件</Filter>
    </ClCompile>
    <ClCompile Include="GetFlights.cpp">
      <Filter>源文件</Filter>
    </ClCompile>
    <ClCompile Include="GetFlightsDlg.cpp">
      <Filter>源文件</Filter>
    </ClCompile>
    <ClCompile Include="GrapCeFlights.cpp">
      <Filter>源文件</Filter>
    </ClCompile>
    <ClCompile Include="HMAC_MD5\HMAC_MD5_API.cpp">
      <Filter>源文件</Filter>
    </ClCompile>
    <ClCompile Include="HMAC_SHA1\HMAC_SHA1.cpp">
      <Filter>源文件</Filter>
    </ClCompile>
    <ClCompile Include="HtmlParse.cpp">
      <Filter>源文件</Filter>
    </ClCompile>
    <ClCompile Include="common\json\json_reader.cpp">
      <Filter>源文件</Filter>
    </ClCompile>
    <ClCompile Include="common\json\json_value.cpp">
      <Filter>源文件</Filter>
    </ClCompile>
    <ClCompile Include="common\json\json_writer.cpp">
      <Filter>源文件</Filter>
    </ClCompile>
    <ClCompile Include="KnHtmlParse.cpp">
      <Filter>源文件</Filter>
    </ClCompile>
    <ClCompile Include="common\Markup.cpp">
      <Filter>源文件</Filter>
    </ClCompile>
    <ClCompile Include="HMAC_SHA1\SHA1.cpp">
      <Filter>源文件</Filter>
    </ClCompile>
    <ClCompile Include="stdafx.cpp">
      <Filter>源文件</Filter>
    </ClCompile>
    <ClCompile Include="util.cpp">
      <Filter>源文件</Filter>
    </ClCompile>
    <ClCompile Include="common\VisualStylesXP.cpp">
      <Filter>源文件</Filter>
    </ClCompile>
    <ClCompile Include="ZlProxyIp.cpp">
      <Filter>源文件</Filter>
    </ClCompile>
  </ItemGroup>
  <ItemGroup>
    <ClInclude Include="common\AdvComboBox.h">
      <Filter>头文件</Filter>
    </ClInclude>
    <ClInclude Include="AQHtmlParse.h">
      <Filter>头文件</Filter>
    </ClInclude>
    <ClInclude Include="common\base64\Base64 .h">
      <Filter>头文件</Filter>
    </ClInclude>
    <ClInclude Include="HMAC_MD5\BASE64_API.h">
      <Filter>头文件</Filter>
    </ClInclude>
    <ClInclude Include="ByteBuf.h">
      <Filter>头文件</Filter>
    </ClInclude>
    <ClInclude Include="C9CHtmlParse.h">
      <Filter>头文件</Filter>
    </ClInclude>
    <ClInclude Include="CalKey.h">
      <Filter>头文件</Filter>
    </ClInclude>
    <ClInclude Include="CCaHtmlParse.h">
      <Filter>头文件</Filter>
    </ClInclude>
    <ClInclude Include="CCryptAesWrapper.h">
      <Filter>头文件</Filter>
    </ClInclude>
    <ClInclude Include="CeairMobileE.h">
      <Filter>头文件</Filter>
    </ClInclude>
    <ClInclude Include="CeairMobileEConst.h">
      <Filter>头文件</Filter>
    </ClInclude>
    <ClInclude Include="common\CharConvert.h">
      <Filter>头文件</Filter>
    </ClInclude>
    <ClInclude Include="common\CStringToolEx.h">
      <Filter>头文件</Filter>
    </ClInclude>
    <ClInclude Include="DataProcess.h">
      <Filter>头文件</Filter>
    </ClInclude>
    <ClInclude Include="DbCenter.h">
      <Filter>头文件</Filter>
    </ClInclude>
    <ClInclude Include="DBMysql.h">
      <Filter>头文件</Filter>
    </ClInclude>
    <ClInclude Include="DlgConfig.h">
      <Filter>头文件</Filter>
    </ClInclude>
    <ClInclude Include="DlgShowFlights.h">
      <Filter>头文件</Filter>
    </ClInclude>
    <ClInclude Include="common\DropListBox.h">
      <Filter>头文件</Filter>
    </ClInclude>
    <ClInclude Include="common\DropScrollBar.h">
      <Filter>头文件</Filter>
    </ClInclude>
    <ClInclude Include="common\DropWnd.h">
      <Filter>头文件</Filter>
    </ClInclude>
    <ClInclude Include="FixByteArray.h">
      <Filter>头文件</Filter>
    </ClInclude>
    <ClInclude Include="GetFlights.h">
      <Filter>头文件</Filter>
    </ClInclude>
    <ClInclude Include="GetFlightsDlg.h">
      <Filter>头文件</Filter>
    </ClInclude>
    <ClInclude Include="GrapCeFlights.h">
      <Filter>头文件</Filter>
    </ClInclude>
    <ClInclude Include="HMAC_MD5\HMAC_MD5_API.h">
      <Filter>头文件</Filter>
    </ClInclude>
    <ClInclude Include="HMAC_MD5\HMAC_MD5_DATA.h">
      <Filter>头文件</Filter>
    </ClInclude>
    <ClInclude Include="HMAC_SHA1\HMAC_SHA1.h">
      <Filter>头文件</Filter>
    </ClInclude>
    <ClInclude Include="HtmlParse.h">
      <Filter>头文件</Filter>
    </ClInclude>
    <ClInclude Include="KnHtmlParse.h">
      <Filter>头文件</Filter>
    </ClInclude>
    <ClInclude Include="common\Markup.h">
      <Filter>头文件</Filter>
    </ClInclude>
    <ClInclude Include="Resource.h">
      <Filter>头文件</Filter>
    </ClInclude>
    <ClInclude Include="HMAC_SHA1\SHA1.h">
      <Filter>头文件</Filter>
    </ClInclude>
    <ClInclude Include="stdafx.h">
      <Filter>头文件</Filter>
    </ClInclude>
    <ClInclude Include="targetver.h">
      <Filter>头文件</Filter>
    </ClInclude>
    <ClInclude Include="util.h">
      <Filter>头文件</Filter>
    </ClInclude>
    <ClInclude Include="common\VisualStylesXP.h">
      <Filter>头文件</Filter>
    </ClInclude>
    <ClInclude Include="common\winhttp.h">
      <Filter>头文件</Filter>
    </ClInclude>
    <ClInclude Include="ZlProxyIp.h">
      <Filter>头文件</Filter>
    </ClInclude>
  </ItemGroup>
  <ItemGroup>
    <None Include="res\air.bmp">
      <Filter>资源文件</Filter>
    </None>
    <None Include="res\GetFlights.ico">
      <Filter>资源文件</Filter>
    </None>
    <None Include="res\GetFlights.rc2">
      <Filter>资源文件</Filter>
    </None>
    <None Include="ReadMe.txt" />
  </ItemGroup>
  <ItemGroup>
    <ResourceCompile Include="GetFlights.rc">
      <Filter>资源文件</Filter>
    </ResourceCompile>
  </ItemGroup>
</Project>