
Microsoft Visual Studio Solution File, Format Version 10.00
# Visual Studio 2008
Project("{8BC9CEB8-8B4A-11D0-8D11-00A0C91BC942}") = "UserChangePassword", "UserChangePassword\UserChangePassword.vcproj", "{D35B8D8C-12ED-4092-9026-796533F69543}"
EndProject
Project("{8BC9CEB8-8B4A-11D0-8D11-00A0C91BC942}") = "UserChangePassword_MFC", "UserChangePassword_MFC\UserChangePassword_MFC.vcproj", "{37B12338-9C5A-4B5F-8A26-DC51C737FB02}"
EndProject
Project("{8BC9CEB8-8B4A-11D0-8D11-00A0C91BC942}") = "CString", "CString\CString.vcproj", "{FAE360B8-886B-409F-9F2F-629ECD5DFB85}"
EndProject
Project("{8BC9CEB8-8B4A-11D0-8D11-00A0C91BC942}") = "OS Version", "OS Version\OS Version.vcproj", "{448EAA90-E906-4F41-B3CA-527244599CB9}"
EndProject
Project("{8BC9CEB8-8B4A-11D0-8D11-00A0C91BC942}") = "GetUserNameEx", "GetUserNameEx\GetUserNameEx.vcproj", "{AF5EC58C-003A-4B6B-8F5F-963B7B71B0C5}"
EndProject
Project("{8BC9CEB8-8B4A-11D0-8D11-00A0C91BC942}") = "base64", "base64\base64.vcproj", "{C3839820-BDEB-413E-B670-3FE50ECCE0DC}"
EndProject
Project("{8BC9CEB8-8B4A-11D0-8D11-00A0C91BC942}") = "SingleWnd", "SingleWnd\SingleWnd.vcproj", "{822FEDDA-BE3B-4ED1-AE2F-D1E7C57E0AFE}"
EndProject
Project("{8BC9CEB8-8B4A-11D0-8D11-00A0C91BC942}") = "Exception", "Exception\Exception.vcproj", "{DB9AFFFD-3210-426C-972A-C3E6804F19A0}"
EndProject
Project("{8BC9CEB8-8B4A-11D0-8D11-00A0C91BC942}") = "Serialize", "Serialize\Serialize.vcproj", "{5002302D-680E-40E5-B65D-883989171CEC}"
EndProject
Global
	GlobalSection(SolutionConfigurationPlatforms) = preSolution
		Debug|Win32 = Debug|Win32
		Debug|x64 = Debug|x64
		Release|Win32 = Release|Win32
		Release|x64 = Release|x64
	EndGlobalSection
	GlobalSection(ProjectConfigurationPlatforms) = postSolution
		{D35B8D8C-12ED-4092-9026-796533F69543}.Debug|Win32.ActiveCfg = Debug|Win32
		{D35B8D8C-12ED-4092-9026-796533F69543}.Debug|Win32.Build.0 = Debug|Win32
		{D35B8D8C-12ED-4092-9026-796533F69543}.Debug|x64.ActiveCfg = Debug|x64
		{D35B8D8C-12ED-4092-9026-796533F69543}.Debug|x64.Build.0 = Debug|x64
		{D35B8D8C-12ED-4092-9026-796533F69543}.Release|Win32.ActiveCfg = Release|Win32
		{D35B8D8C-12ED-4092-9026-796533F69543}.Release|Win32.Build.0 = Release|Win32
		{D35B8D8C-12ED-4092-9026-796533F69543}.Release|x64.ActiveCfg = Release|x64
		{D35B8D8C-12ED-4092-9026-796533F69543}.Release|x64.Build.0 = Release|x64
		{37B12338-9C5A-4B5F-8A26-DC51C737FB02}.Debug|Win32.ActiveCfg = Debug|Win32
		{37B12338-9C5A-4B5F-8A26-DC51C737FB02}.Debug|Win32.Build.0 = Debug|Win32
		{37B12338-9C5A-4B5F-8A26-DC51C737FB02}.Debug|x64.ActiveCfg = Debug|x64
		{37B12338-9C5A-4B5F-8A26-DC51C737FB02}.Debug|x64.Build.0 = Debug|x64
		{37B12338-9C5A-4B5F-8A26-DC51C737FB02}.Release|Win32.ActiveCfg = Release|Win32
		{37B12338-9C5A-4B5F-8A26-DC51C737FB02}.Release|Win32.Build.0 = Release|Win32
		{37B12338-9C5A-4B5F-8A26-DC51C737FB02}.Release|x64.ActiveCfg = Release|x64
		{37B12338-9C5A-4B5F-8A26-DC51C737FB02}.Release|x64.Build.0 = Release|x64
		{FAE360B8-886B-409F-9F2F-629ECD5DFB85}.Debug|Win32.ActiveCfg = Debug|Win32
		{FAE360B8-886B-409F-9F2F-629ECD5DFB85}.Debug|Win32.Build.0 = Debug|Win32
		{FAE360B8-886B-409F-9F2F-629ECD5DFB85}.Debug|x64.ActiveCfg = Debug|x64
		{FAE360B8-886B-409F-9F2F-629ECD5DFB85}.Debug|x64.Build.0 = Debug|x64
		{FAE360B8-886B-409F-9F2F-629ECD5DFB85}.Release|Win32.ActiveCfg = Release|Win32
		{FAE360B8-886B-409F-9F2F-629ECD5DFB85}.Release|Win32.Build.0 = Release|Win32
		{FAE360B8-886B-409F-9F2F-629ECD5DFB85}.Release|x64.ActiveCfg = Release|x64
		{FAE360B8-886B-409F-9F2F-629ECD5DFB85}.Release|x64.Build.0 = Release|x64
		{448EAA90-E906-4F41-B3CA-527244599CB9}.Debug|Win32.ActiveCfg = Debug|Win32
		{448EAA90-E906-4F41-B3CA-527244599CB9}.Debug|Win32.Build.0 = Debug|Win32
		{448EAA90-E906-4F41-B3CA-527244599CB9}.Debug|x64.ActiveCfg = Debug|x64
		{448EAA90-E906-4F41-B3CA-527244599CB9}.Debug|x64.Build.0 = Debug|x64
		{448EAA90-E906-4F41-B3CA-527244599CB9}.Release|Win32.ActiveCfg = Release|Win32
		{448EAA90-E906-4F41-B3CA-527244599CB9}.Release|Win32.Build.0 = Release|Win32
		{448EAA90-E906-4F41-B3CA-527244599CB9}.Release|x64.ActiveCfg = Release|x64
		{448EAA90-E906-4F41-B3CA-527244599CB9}.Release|x64.Build.0 = Release|x64
		{AF5EC58C-003A-4B6B-8F5F-963B7B71B0C5}.Debug|Win32.ActiveCfg = Debug|Win32
		{AF5EC58C-003A-4B6B-8F5F-963B7B71B0C5}.Debug|Win32.Build.0 = Debug|Win32
		{AF5EC58C-003A-4B6B-8F5F-963B7B71B0C5}.Debug|x64.ActiveCfg = Debug|x64
		{AF5EC58C-003A-4B6B-8F5F-963B7B71B0C5}.Debug|x64.Build.0 = Debug|x64
		{AF5EC58C-003A-4B6B-8F5F-963B7B71B0C5}.Release|Win32.ActiveCfg = Release|Win32
		{AF5EC58C-003A-4B6B-8F5F-963B7B71B0C5}.Release|Win32.Build.0 = Release|Win32
		{AF5EC58C-003A-4B6B-8F5F-963B7B71B0C5}.Release|x64.ActiveCfg = Release|x64
		{AF5EC58C-003A-4B6B-8F5F-963B7B71B0C5}.Release|x64.Build.0 = Release|x64
		{C3839820-BDEB-413E-B670-3FE50ECCE0DC}.Debug|Win32.ActiveCfg = Debug|Win32
		{C3839820-BDEB-413E-B670-3FE50ECCE0DC}.Debug|Win32.Build.0 = Debug|Win32
		{C3839820-BDEB-413E-B670-3FE50ECCE0DC}.Debug|x64.ActiveCfg = Debug|x64
		{C3839820-BDEB-413E-B670-3FE50ECCE0DC}.Debug|x64.Build.0 = Debug|x64
		{C3839820-BDEB-413E-B670-3FE50ECCE0DC}.Release|Win32.ActiveCfg = Release|Win32
		{C3839820-BDEB-413E-B670-3FE50ECCE0DC}.Release|Win32.Build.0 = Release|Win32
		{C3839820-BDEB-413E-B670-3FE50ECCE0DC}.Release|x64.ActiveCfg = Release|x64
		{C3839820-BDEB-413E-B670-3FE50ECCE0DC}.Release|x64.Build.0 = Release|x64
		{822FEDDA-BE3B-4ED1-AE2F-D1E7C57E0AFE}.Debug|Win32.ActiveCfg = Debug|Win32
		{822FEDDA-BE3B-4ED1-AE2F-D1E7C57E0AFE}.Debug|Win32.Build.0 = Debug|Win32
		{822FEDDA-BE3B-4ED1-AE2F-D1E7C57E0AFE}.Debug|x64.ActiveCfg = Debug|x64
		{822FEDDA-BE3B-4ED1-AE2F-D1E7C57E0AFE}.Debug|x64.Build.0 = Debug|x64
		{822FEDDA-BE3B-4ED1-AE2F-D1E7C57E0AFE}.Release|Win32.ActiveCfg = Release|Win32
		{822FEDDA-BE3B-4ED1-AE2F-D1E7C57E0AFE}.Release|Win32.Build.0 = Release|Win32
		{822FEDDA-BE3B-4ED1-AE2F-D1E7C57E0AFE}.Release|x64.ActiveCfg = Release|x64
		{822FEDDA-BE3B-4ED1-AE2F-D1E7C57E0AFE}.Release|x64.Build.0 = Release|x64
		{DB9AFFFD-3210-426C-972A-C3E6804F19A0}.Debug|Win32.ActiveCfg = Debug|Win32
		{DB9AFFFD-3210-426C-972A-C3E6804F19A0}.Debug|Win32.Build.0 = Debug|Win32
		{DB9AFFFD-3210-426C-972A-C3E6804F19A0}.Debug|x64.ActiveCfg = Debug|x64
		{DB9AFFFD-3210-426C-972A-C3E6804F19A0}.Debug|x64.Build.0 = Debug|x64
		{DB9AFFFD-3210-426C-972A-C3E6804F19A0}.Release|Win32.ActiveCfg = Release|Win32
		{DB9AFFFD-3210-426C-972A-C3E6804F19A0}.Release|Win32.Build.0 = Release|Win32
		{DB9AFFFD-3210-426C-972A-C3E6804F19A0}.Release|x64.ActiveCfg = Release|x64
		{DB9AFFFD-3210-426C-972A-C3E6804F19A0}.Release|x64.Build.0 = Release|x64
		{5002302D-680E-40E5-B65D-883989171CEC}.Debug|Win32.ActiveCfg = Debug|Win32
		{5002302D-680E-40E5-B65D-883989171CEC}.Debug|Win32.Build.0 = Debug|Win32
		{5002302D-680E-40E5-B65D-883989171CEC}.Debug|x64.ActiveCfg = Debug|Win32
		{5002302D-680E-40E5-B65D-883989171CEC}.Release|Win32.ActiveCfg = Release|Win32
		{5002302D-680E-40E5-B65D-883989171CEC}.Release|Win32.Build.0 = Release|Win32
		{5002302D-680E-40E5-B65D-883989171CEC}.Release|x64.ActiveCfg = Release|Win32
	EndGlobalSection
	GlobalSection(SolutionProperties) = preSolution
		HideSolutionNode = FALSE
	EndGlobalSection
EndGlobal
